
Microsoft Visual Studio Solution File, Format Version 12.00
# Visual Studio 15
VisualStudioVersion = 15.0.28307.1062
MinimumVisualStudioVersion = 10.0.40219.1
Project("{FAE04EC0-301F-11D3-BF4B-00C04F79EFBC}") = "Trabajo 3 WPF", "Trabajo 3 WPF\Trabajo 3 WPF.csproj", "{EFD70D90-81FF-49BB-BCB4-500E91DC38E1}"
EndProject
Global
	GlobalSection(SolutionConfigurationPlatforms) = preSolution
		Debug|Any CPU = Debug|Any CPU
		Release|Any CPU = Release|Any CPU
	EndGlobalSection
	GlobalSection(ProjectConfigurationPlatforms) = postSolution
		{EFD70D90-81FF-49BB-BCB4-500E91DC38E1}.Debug|Any CPU.ActiveCfg = Debug|Any CPU
		{EFD70D90-81FF-49BB-BCB4-500E91DC38E1}.Debug|Any CPU.Build.0 = Debug|Any CPU
		{EFD70D90-81FF-49BB-BCB4-500E91DC38E1}.Release|Any CPU.ActiveCfg = Release|Any CPU
		{EFD70D90-81FF-49BB-BCB4-500E91DC38E1}.Release|Any CPU.Build.0 = Release|Any CPU
	EndGlobalSection
	GlobalSection(SolutionProperties) = preSolution
		HideSolutionNode = FALSE
	EndGlobalSection
	GlobalSection(ExtensibilityGlobals) = postSolution
		SolutionGuid = {7B5C2B96-F849-4539-ACD2-4DF03E2779E6}
	EndGlobalSection
EndGlobal
